PODS:
  - lottie-ios (3.1.8)
  - SnapKit (5.0.1)

DEPENDENCIES:
  - lottie-ios
  - SnapKit (~> 5.0.0)

SPEC REPOS:
  trunk:
    - lottie-ios
    - SnapKit

SPEC CHECKSUMS:
  lottie-ios: 48fac6be217c76937e36e340e2d09cf7b10b7f5f
  SnapKit: 97b92857e3df3a0c71833cce143274bf6ef8e5eb

PODFILE CHECKSUM: 95d72e70d6b7f06d78e30e38209f31e0a30597b5

COCOAPODS: 1.8.4
