// !$*UTF8*$!
{
	archiveVersion = 1;
	classes = {
	};
	objectVersion = 51;
	objects = {

/* Begin PBXBuildFile section */
		AE83A18324812830000EC633 /* AppDelegate.swift in Sources */ = {isa = PBXBuildFile; fileRef = AE83A18224812830000EC633 /* AppDelegate.swift */; };
		AE83A18524812830000EC633 /* SceneDelegate.swift in Sources */ = {isa = PBXBuildFile; fileRef = AE83A18424812830000EC633 /* SceneDelegate.swift */; };
		AE83A18C24812836000EC633 /* Assets.xcassets in Resources */ = {isa = PBXBuildFile; fileRef = AE83A18B24812836000EC633 /* Assets.xcassets */; };
		AE83A18F24812836000EC633 /* LaunchScreen.storyboard in Resources */ = {isa = PBXBuildFile; fileRef = AE83A18D24812836000EC633 /* LaunchScreen.storyboard */; };
		AE83A19A24812837000EC633 /* ScrabWordFinderTests.swift in Sources */ = {isa = PBXBuildFile; fileRef = AE83A19924812837000EC633 /* ScrabWordFinderTests.swift */; };
		AE83A1A524813971000EC633 /* wordlist.txt in Resources */ = {isa = PBXBuildFile; fileRef = AE83A1A424813971000EC633 /* wordlist.txt */; };
		AE83A1AB24814ADA000EC633 /* ScrabTextField.swift in Sources */ = {isa = PBXBuildFile; fileRef = AE83A1AA24814ADA000EC633 /* ScrabTextField.swift */; };
		AE83A1AD248151BA000EC633 /* SingleLetter.swift in Sources */ = {isa = PBXBuildFile; fileRef = AE83A1AC248151BA000EC633 /* SingleLetter.swift */; };
		AE8ADFB8248551A300CC4262 /* dictionary.txt in Resources */ = {isa = PBXBuildFile; fileRef = AE8ADFB5248551A300CC4262 /* dictionary.txt */; };
		AE8ADFB9248551A300CC4262 /* dictionary.txt in Resources */ = {isa = PBXBuildFile; fileRef = AE8ADFB5248551A300CC4262 /* dictionary.txt */; };
		AE8ADFBB24855EA400CC4262 /* ScrableAlgorithm.swift in Sources */ = {isa = PBXBuildFile; fileRef = AE8ADFBA24855EA400CC4262 /* ScrableAlgorithm.swift */; };
		AE8ADFBC24855EA400CC4262 /* ScrableAlgorithm.swift in Sources */ = {isa = PBXBuildFile; fileRef = AE8ADFBA24855EA400CC4262 /* ScrableAlgorithm.swift */; };
		AE8ADFBE2486A6CE00CC4262 /* ResultViewController.swift in Sources */ = {isa = PBXBuildFile; fileRef = AE8ADFBD2486A6CE00CC4262 /* ResultViewController.swift */; };
		AE8ADFC02487AFBC00CC4262 /* MainViewController.swift in Sources */ = {isa = PBXBuildFile; fileRef = AE8ADFBF2487AFBC00CC4262 /* MainViewController.swift */; };
		AE8ADFC12487AFBC00CC4262 /* MainViewController.swift in Sources */ = {isa = PBXBuildFile; fileRef = AE8ADFBF2487AFBC00CC4262 /* MainViewController.swift */; };
		AE8ADFC324880D6300CC4262 /* Main.storyboard in Resources */ = {isa = PBXBuildFile; fileRef = AE8ADFC224880D6200CC4262 /* Main.storyboard */; };
		AE8ADFC424880D6300CC4262 /* Main.storyboard in Resources */ = {isa = PBXBuildFile; fileRef = AE8ADFC224880D6200CC4262 /* Main.storyboard */; };
		AE8ADFC72488E1C100CC4262 /* Constants.swift in Sources */ = {isa = PBXBuildFile; fileRef = AE8ADFC62488E1C100CC4262 /* Constants.swift */; };
		AE8ADFC82488E1C100CC4262 /* Constants.swift in Sources */ = {isa = PBXBuildFile; fileRef = AE8ADFC62488E1C100CC4262 /* Constants.swift */; };
		AE8ADFCA2489045400CC4262 /* PointsTableViewCell.swift in Sources */ = {isa = PBXBuildFile; fileRef = AE8ADFC92489045400CC4262 /* PointsTableViewCell.swift */; };
		AE8ADFCB2489045400CC4262 /* PointsTableViewCell.swift in Sources */ = {isa = PBXBuildFile; fileRef = AE8ADFC92489045400CC4262 /* PointsTableViewCell.swift */; };
		AE8ADFCC248A57AA00CC4262 /* SingleLetter.swift in Sources */ = {isa = PBXBuildFile; fileRef = AE83A1AC248151BA000EC633 /* SingleLetter.swift */; };
		AE8ADFCD248A57B000CC4262 /* ResultViewController.swift in Sources */ = {isa = PBXBuildFile; fileRef = AE8ADFBD2486A6CE00CC4262 /* ResultViewController.swift */; };
		AE8ADFCF248A5B0800CC4262 /* ScrabbleLettersSandView.swift in Sources */ = {isa = PBXBuildFile; fileRef = AE8ADFCE248A5B0800CC4262 /* ScrabbleLettersSandView.swift */; };
		AE8ADFD0248A5B0800CC4262 /* ScrabbleLettersSandView.swift in Sources */ = {isa = PBXBuildFile; fileRef = AE8ADFCE248A5B0800CC4262 /* ScrabbleLettersSandView.swift */; };
		C8A23485645226B56FC9BF95 /* Pods_ScrabWordFinderTests.framework in Frameworks */ = {isa = PBXBuildFile; fileRef = BD2798D41F99D8668D3B20FF /* Pods_ScrabWordFinderTests.framework */; };
		D99784C070E6538F78E5A5FA /* Pods_ScrabWordFinder.framework in Frameworks */ = {isa = PBXBuildFile; fileRef = 1412EA2A3E8BD8483748986D /* Pods_ScrabWordFinder.framework */; };
/* End PBXBuildFile section */

/* Begin PBXContainerItemProxy section */
		AE83A19624812837000EC633 /* PBXContainerItemProxy */ = {
			isa = PBXContainerItemProxy;
			containerPortal = AE83A17724812830000EC633 /* Project object */;
			proxyType = 1;
			remoteGlobalIDString = AE83A17E24812830000EC633;
			remoteInfo = ScrabWordFinder;
		};
/* End PBXContainerItemProxy section */

/* Begin PBXFileReference section */
		1412EA2A3E8BD8483748986D /* Pods_ScrabWordFinder.framework */ = {isa = PBXFileReference; explicitFileType = wrapper.framework; includeInIndex = 0; path = Pods_ScrabWordFinder.framework; sourceTree = BUILT_PRODUCTS_DIR; };
		52C79CE0AA6E267F722D6804 /* Pods-ScrabWordFinderTests.debug.xcconfig */ = {isa = PBXFileReference; includeInIndex = 1; lastKnownFileType = text.xcconfig; name = "Pods-ScrabWordFinderTests.debug.xcconfig"; path = "Target Support Files/Pods-ScrabWordFinderTests/Pods-ScrabWordFinderTests.debug.xcconfig"; sourceTree = "<group>"; };
		5E52441933FAA1A1CAB0AD5B /* Pods-ScrabWordFinder.release.xcconfig */ = {isa = PBXFileReference; includeInIndex = 1; lastKnownFileType = text.xcconfig; name = "Pods-ScrabWordFinder.release.xcconfig"; path = "Target Support Files/Pods-ScrabWordFinder/Pods-ScrabWordFinder.release.xcconfig"; sourceTree = "<group>"; };
		6829E272BC5B853D259B334A /* Pods-ScrabWordFinderTests.release.xcconfig */ = {isa = PBXFileReference; includeInIndex = 1; lastKnownFileType = text.xcconfig; name = "Pods-ScrabWordFinderTests.release.xcconfig"; path = "Target Support Files/Pods-ScrabWordFinderTests/Pods-ScrabWordFinderTests.release.xcconfig"; sourceTree = "<group>"; };
		AE83A17F24812830000EC633 /* ScrabWordFinder.app */ = {isa = PBXFileReference; explicitFileType = wrapper.application; includeInIndex = 0; path = ScrabWordFinder.app; sourceTree = BUILT_PRODUCTS_DIR; };
		AE83A18224812830000EC633 /* AppDelegate.swift */ = {isa = PBXFileReference; lastKnownFileType = sourcecode.swift; path = AppDelegate.swift; sourceTree = "<group>"; };
		AE83A18424812830000EC633 /* SceneDelegate.swift */ = {isa = PBXFileReference; lastKnownFileType = sourcecode.swift; path = SceneDelegate.swift; sourceTree = "<group>"; };
		AE83A18B24812836000EC633 /* Assets.xcassets */ = {isa = PBXFileReference; lastKnownFileType = folder.assetcatalog; path = Assets.xcassets; sourceTree = "<group>"; };
		AE83A18E24812836000EC633 /* Base */ = {isa = PBXFileReference; lastKnownFileType = file.storyboard; name = Base; path = Base.lproj/LaunchScreen.storyboard; sourceTree = "<group>"; };
		AE83A19024812836000EC633 /* Info.plist */ = {isa = PBXFileReference; lastKnownFileType = text.plist.xml; path = Info.plist; sourceTree = "<group>"; };
		AE83A19524812837000EC633 /* ScrabWordFinderTests.xctest */ = {isa = PBXFileReference; explicitFileType = wrapper.cfbundle; includeInIndex = 0; path = ScrabWordFinderTests.xctest; sourceTree = BUILT_PRODUCTS_DIR; };
		AE83A19924812837000EC633 /* ScrabWordFinderTests.swift */ = {isa = PBXFileReference; lastKnownFileType = sourcecode.swift; path = ScrabWordFinderTests.swift; sourceTree = "<group>"; };
		AE83A19B24812837000EC633 /* Info.plist */ = {isa = PBXFileReference; lastKnownFileType = text.plist.xml; path = Info.plist; sourceTree = "<group>"; };
		AE83A1A424813971000EC633 /* wordlist.txt */ = {isa = PBXFileReference; fileEncoding = 4; lastKnownFileType = text; path = wordlist.txt; sourceTree = "<group>"; };
		AE83A1AA24814ADA000EC633 /* ScrabTextField.swift */ = {isa = PBXFileReference; lastKnownFileType = sourcecode.swift; path = ScrabTextField.swift; sourceTree = "<group>"; };
		AE83A1AC248151BA000EC633 /* SingleLetter.swift */ = {isa = PBXFileReference; lastKnownFileType = sourcecode.swift; path = SingleLetter.swift; sourceTree = "<group>"; };
		AE8ADFB5248551A300CC4262 /* dictionary.txt */ = {isa = PBXFileReference; fileEncoding = 4; lastKnownFileType = text; path = dictionary.txt; sourceTree = "<group>"; };
		AE8ADFBA24855EA400CC4262 /* ScrableAlgorithm.swift */ = {isa = PBXFileReference; lastKnownFileType = sourcecode.swift; path = ScrableAlgorithm.swift; sourceTree = "<group>"; };
		AE8ADFBD2486A6CE00CC4262 /* ResultViewController.swift */ = {isa = PBXFileReference; lastKnownFileType = sourcecode.swift; path = ResultViewController.swift; sourceTree = "<group>"; };
		AE8ADFBF2487AFBC00CC4262 /* MainViewController.swift */ = {isa = PBXFileReference; lastKnownFileType = sourcecode.swift; path = MainViewController.swift; sourceTree = "<group>"; };
		AE8ADFC224880D6200CC4262 /* Main.storyboard */ = {isa = PBXFileReference; lastKnownFileType = file.storyboard; path = Main.storyboard; sourceTree = "<group>"; };
		AE8ADFC62488E1C100CC4262 /* Constants.swift */ = {isa = PBXFileReference; lastKnownFileType = sourcecode.swift; path = Constants.swift; sourceTree = "<group>"; };
		AE8ADFC92489045400CC4262 /* PointsTableViewCell.swift */ = {isa = PBXFileReference; lastKnownFileType = sourcecode.swift; path = PointsTableViewCell.swift; sourceTree = "<group>"; };
		AE8ADFCE248A5B0800CC4262 /* ScrabbleLettersSandView.swift */ = {isa = PBXFileReference; lastKnownFileType = sourcecode.swift; path = ScrabbleLettersSandView.swift; sourceTree = "<group>"; };
		BD2798D41F99D8668D3B20FF /* Pods_ScrabWordFinderTests.framework */ = {isa = PBXFileReference; explicitFileType = wrapper.framework; includeInIndex = 0; path = Pods_ScrabWordFinderTests.framework; sourceTree = BUILT_PRODUCTS_DIR; };
		FB163D5F5F858BFC9C7887A7 /* Pods-ScrabWordFinder.debug.xcconfig */ = {isa = PBXFileReference; includeInIndex = 1; lastKnownFileType = text.xcconfig; name = "Pods-ScrabWordFinder.debug.xcconfig"; path = "Target Support Files/Pods-ScrabWordFinder/Pods-ScrabWordFinder.debug.xcconfig"; sourceTree = "<group>"; };
/* End PBXFileReference section */

/* Begin PBXFrameworksBuildPhase section */
		AE83A17C24812830000EC633 /* Frameworks */ = {
			isa = PBXFrameworksBuildPhase;
			buildActionMask = 2147483647;
			files = (
				D99784C070E6538F78E5A5FA /* Pods_ScrabWordFinder.framework in Frameworks */,
			);
			runOnlyForDeploymentPostprocessing = 0;
		};
		AE83A19224812837000EC633 /* Frameworks */ = {
			isa = PBXFrameworksBuildPhase;
			buildActionMask = 2147483647;
			files = (
				C8A23485645226B56FC9BF95 /* Pods_ScrabWordFinderTests.framework in Frameworks */,
			);
			runOnlyForDeploymentPostprocessing = 0;
		};
/* End PBXFrameworksBuildPhase section */

/* Begin PBXGroup section */
		5286507D97F9CAE9C5CACED0 /* Frameworks */ = {
			isa = PBXGroup;
			children = (
				1412EA2A3E8BD8483748986D /* Pods_ScrabWordFinder.framework */,
				BD2798D41F99D8668D3B20FF /* Pods_ScrabWordFinderTests.framework */,
			);
			name = Frameworks;
			sourceTree = "<group>";
		};
		9DE13C33C3B66A905F6B90CE /* Pods */ = {
			isa = PBXGroup;
			children = (
				FB163D5F5F858BFC9C7887A7 /* Pods-ScrabWordFinder.debug.xcconfig */,
				5E52441933FAA1A1CAB0AD5B /* Pods-ScrabWordFinder.release.xcconfig */,
				52C79CE0AA6E267F722D6804 /* Pods-ScrabWordFinderTests.debug.xcconfig */,
				6829E272BC5B853D259B334A /* Pods-ScrabWordFinderTests.release.xcconfig */,
			);
			path = Pods;
			sourceTree = "<group>";
		};
		AE83A17624812830000EC633 = {
			isa = PBXGroup;
			children = (
				AE83A18124812830000EC633 /* ScrabWordFinder */,
				AE83A19824812837000EC633 /* ScrabWordFinderTests */,
				AE83A18024812830000EC633 /* Products */,
				9DE13C33C3B66A905F6B90CE /* Pods */,
				5286507D97F9CAE9C5CACED0 /* Frameworks */,
			);
			sourceTree = "<group>";
		};
		AE83A18024812830000EC633 /* Products */ = {
			isa = PBXGroup;
			children = (
				AE83A17F24812830000EC633 /* ScrabWordFinder.app */,
				AE83A19524812837000EC633 /* ScrabWordFinderTests.xctest */,
			);
			name = Products;
			sourceTree = "<group>";
		};
		AE83A18124812830000EC633 /* ScrabWordFinder */ = {
			isa = PBXGroup;
			children = (
				AE8ADFC52488E18200CC4262 /* Storyboards */,
				AE83A1B2248530D4000EC633 /* Algorithm */,
				AE83A1A924814AA7000EC633 /* CustomControls */,
				AE83A1A8248145CC000EC633 /* ViewControllers */,
				AE83A1A62481397E000EC633 /* Resources */,
				AE83A18224812830000EC633 /* AppDelegate.swift */,
				AE83A18424812830000EC633 /* SceneDelegate.swift */,
				AE83A18B24812836000EC633 /* Assets.xcassets */,
				AE83A19024812836000EC633 /* Info.plist */,
				AE8ADFC62488E1C100CC4262 /* Constants.swift */,
			);
			path = ScrabWordFinder;
			sourceTree = "<group>";
		};
		AE83A19824812837000EC633 /* ScrabWordFinderTests */ = {
			isa = PBXGroup;
			children = (
				AE83A19924812837000EC633 /* ScrabWordFinderTests.swift */,
				AE83A19B24812837000EC633 /* Info.plist */,
			);
			path = ScrabWordFinderTests;
			sourceTree = "<group>";
		};
		AE83A1A62481397E000EC633 /* Resources */ = {
			isa = PBXGroup;
			children = (
				AE8ADFB5248551A300CC4262 /* dictionary.txt */,
				AE83A1A424813971000EC633 /* wordlist.txt */,
			);
			path = Resources;
			sourceTree = "<group>";
		};
		AE83A1A8248145CC000EC633 /* ViewControllers */ = {
			isa = PBXGroup;
			children = (
				AE8ADFBD2486A6CE00CC4262 /* ResultViewController.swift */,
				AE8ADFBF2487AFBC00CC4262 /* MainViewController.swift */,
			);
			path = ViewControllers;
			sourceTree = "<group>";
		};
		AE83A1A924814AA7000EC633 /* CustomControls */ = {
			isa = PBXGroup;
			children = (
				AE83A1AA24814ADA000EC633 /* ScrabTextField.swift */,
				AE83A1AC248151BA000EC633 /* SingleLetter.swift */,
				AE8ADFC92489045400CC4262 /* PointsTableViewCell.swift */,
				AE8ADFCE248A5B0800CC4262 /* ScrabbleLettersSandView.swift */,
			);
			path = CustomControls;
			sourceTree = "<group>";
		};
		AE83A1B2248530D4000EC633 /* Algorithm */ = {
			isa = PBXGroup;
			children = (
				AE8ADFBA24855EA400CC4262 /* ScrableAlgorithm.swift */,
			);
			path = Algorithm;
			sourceTree = "<group>";
		};
		AE8ADFC52488E18200CC4262 /* Storyboards */ = {
			isa = PBXGroup;
			children = (
				AE83A18D24812836000EC633 /* LaunchScreen.storyboard */,
				AE8ADFC224880D6200CC4262 /* Main.storyboard */,
			);
			path = Storyboards;
			sourceTree = "<group>";
		};
/* End PBXGroup section */

/* Begin PBXNativeTarget section */
		AE83A17E24812830000EC633 /* ScrabWordFinder */ = {
			isa = PBXNativeTarget;
			buildConfigurationList = AE83A19E24812837000EC633 /* Build configuration list for PBXNativeTarget "ScrabWordFinder" */;
			buildPhases = (
				7D4FD163933151B0AAD972F9 /* [CP] Check Pods Manifest.lock */,
				AE83A17B24812830000EC633 /* Sources */,
				AE83A17C24812830000EC633 /* Frameworks */,
				AE83A17D24812830000EC633 /* Resources */,
				C262655EB62A0B71DC9B33B3 /* [CP] Embed Pods Frameworks */,
				AE83A1A724814287000EC633 /* Swiftlint */,
			);
			buildRules = (
			);
			dependencies = (
			);
			name = ScrabWordFinder;
			productName = ScrabWordFinder;
			productReference = AE83A17F24812830000EC633 /* ScrabWordFinder.app */;
			productType = "com.apple.product-type.application";
		};
		AE83A19424812837000EC633 /* ScrabWordFinderTests */ = {
			isa = PBXNativeTarget;
			buildConfigurationList = AE83A1A124812837000EC633 /* Build configuration list for PBXNativeTarget "ScrabWordFinderTests" */;
			buildPhases = (
				C8379E7F06FE6C3B487E935E /* [CP] Check Pods Manifest.lock */,
				AE83A19124812837000EC633 /* Sources */,
				AE83A19224812837000EC633 /* Frameworks */,
				AE83A19324812837000EC633 /* Resources */,
			);
			buildRules = (
			);
			dependencies = (
				AE83A19724812837000EC633 /* PBXTargetDependency */,
			);
			name = ScrabWordFinderTests;
			productName = ScrabWordFinderTests;
			productReference = AE83A19524812837000EC633 /* ScrabWordFinderTests.xctest */;
			productType = "com.apple.product-type.bundle.unit-test";
		};
/* End PBXNativeTarget section */

/* Begin PBXProject section */
		AE83A17724812830000EC633 /* Project object */ = {
			isa = PBXProject;
			attributes = {
				LastSwiftUpdateCheck = 1120;
				LastUpgradeCheck = 1120;
				ORGANIZATIONNAME = Piotr;
				TargetAttributes = {
					AE83A17E24812830000EC633 = {
						CreatedOnToolsVersion = 11.2.1;
					};
					AE83A19424812837000EC633 = {
						CreatedOnToolsVersion = 11.2.1;
						TestTargetID = AE83A17E24812830000EC633;
					};
				};
			};
			buildConfigurationList = AE83A17A24812830000EC633 /* Build configuration list for PBXProject "ScrabWordFinder" */;
			compatibilityVersion = "Xcode 9.3";
			developmentRegion = en;
			hasScannedForEncodings = 0;
			knownRegions = (
				en,
				Base,
			);
			mainGroup = AE83A17624812830000EC633;
			productRefGroup = AE83A18024812830000EC633 /* Products */;
			projectDirPath = "";
			projectRoot = "";
			targets = (
				AE83A17E24812830000EC633 /* ScrabWordFinder */,
				AE83A19424812837000EC633 /* ScrabWordFinderTests */,
			);
		};
/* End PBXProject section */

/* Begin PBXResourcesBuildPhase section */
		AE83A17D24812830000EC633 /* Resources */ = {
			isa = PBXResourcesBuildPhase;
			buildActionMask = 2147483647;
			files = (
				AE83A18F24812836000EC633 /* LaunchScreen.storyboard in Resources */,
				AE8ADFC324880D6300CC4262 /* Main.storyboard in Resources */,
				AE83A18C24812836000EC633 /* Assets.xcassets in Resources */,
				AE83A1A524813971000EC633 /* wordlist.txt in Resources */,
				AE8ADFB8248551A300CC4262 /* dictionary.txt in Resources */,
			);
			runOnlyForDeploymentPostprocessing = 0;
		};
		AE83A19324812837000EC633 /* Resources */ = {
			isa = PBXResourcesBuildPhase;
			buildActionMask = 2147483647;
			files = (
				AE8ADFB9248551A300CC4262 /* dictionary.txt in Resources */,
				AE8ADFC424880D6300CC4262 /* Main.storyboard in Resources */,
			);
			runOnlyForDeploymentPostprocessing = 0;
		};
/* End PBXResourcesBuildPhase section */

/* Begin PBXShellScriptBuildPhase section */
		7D4FD163933151B0AAD972F9 /* [CP] Check Pods Manifest.lock */ = {
			isa = PBXShellScriptBuildPhase;
			buildActionMask = 2147483647;
			files = (
			);
			inputFileListPaths = (
			);
			inputPaths = (
				"${PODS_PODFILE_DIR_PATH}/Podfile.lock",
				"${PODS_ROOT}/Manifest.lock",
			);
			name = "[CP] Check Pods Manifest.lock";
			outputFileListPaths = (
			);
			outputPaths = (
				"$(DERIVED_FILE_DIR)/Pods-ScrabWordFinder-checkManifestLockResult.txt",
			);
			runOnlyForDeploymentPostprocessing = 0;
			shellPath = /bin/sh;
			shellScript = "diff \"${PODS_PODFILE_DIR_PATH}/Podfile.lock\" \"${PODS_ROOT}/Manifest.lock\" > /dev/null\nif [ $? != 0 ] ; then\n    # print error to STDERR\n    echo \"error: The sandbox is not in sync with the Podfile.lock. Run 'pod install' or update your CocoaPods installation.\" >&2\n    exit 1\nfi\n# This output is used by Xcode 'outputs' to avoid re-running this script phase.\necho \"SUCCESS\" > \"${SCRIPT_OUTPUT_FILE_0}\"\n";
			showEnvVarsInLog = 0;
		};
		AE83A1A724814287000EC633 /* Swiftlint */ = {
			isa = PBXShellScriptBuildPhase;
			buildActionMask = 2147483647;
			files = (
			);
			inputFileListPaths = (
			);
			inputPaths = (
			);
			name = Swiftlint;
			outputFileListPaths = (
			);
			outputPaths = (
			);
			runOnlyForDeploymentPostprocessing = 0;
			shellPath = /bin/sh;
			shellScript = "if which swiftlint >/dev/null; then\n  swiftlint\nelse\n  echo \"warning: SwiftLint not installed, download from https://github.com/realm/SwiftLint\"\nfi\n";
		};
		C262655EB62A0B71DC9B33B3 /* [CP] Embed Pods Frameworks */ = {
			isa = PBXShellScriptBuildPhase;
			buildActionMask = 2147483647;
			files = (
			);
			inputFileListPaths = (
				"${PODS_ROOT}/Target Support Files/Pods-ScrabWordFinder/Pods-ScrabWordFinder-frameworks-${CONFIGURATION}-input-files.xcfilelist",
			);
			name = "[CP] Embed Pods Frameworks";
			outputFileListPaths = (
				"${PODS_ROOT}/Target Support Files/Pods-ScrabWordFinder/Pods-ScrabWordFinder-frameworks-${CONFIGURATION}-output-files.xcfilelist",
			);
			runOnlyForDeploymentPostprocessing = 0;
			shellPath = /bin/sh;
			shellScript = "\"${PODS_ROOT}/Target Support Files/Pods-ScrabWordFinder/Pods-ScrabWordFinder-frameworks.sh\"\n";
			showEnvVarsInLog = 0;
		};
		C8379E7F06FE6C3B487E935E /* [CP] Check Pods Manifest.lock */ = {
			isa = PBXShellScriptBuildPhase;
			buildActionMask = 2147483647;
			files = (
			);
			inputFileListPaths = (
			);
			inputPaths = (
				"${PODS_PODFILE_DIR_PATH}/Podfile.lock",
				"${PODS_ROOT}/Manifest.lock",
			);
			name = "[CP] Check Pods Manifest.lock";
			outputFileListPaths = (
			);
			outputPaths = (
				"$(DERIVED_FILE_DIR)/Pods-ScrabWordFinderTests-checkManifestLockResult.txt",
			);
			runOnlyForDeploymentPostprocessing = 0;
			shellPath = /bin/sh;
			shellScript = "diff \"${PODS_PODFILE_DIR_PATH}/Podfile.lock\" \"${PODS_ROOT}/Manifest.lock\" > /dev/null\nif [ $? != 0 ] ; then\n    # print error to STDERR\n    echo \"error: The sandbox is not in sync with the Podfile.lock. Run 'pod install' or update your CocoaPods installation.\" >&2\n    exit 1\nfi\n# This output is used by Xcode 'outputs' to avoid re-running this script phase.\necho \"SUCCESS\" > \"${SCRIPT_OUTPUT_FILE_0}\"\n";
			showEnvVarsInLog = 0;
		};
/* End PBXShellScriptBuildPhase section */

/* Begin PBXSourcesBuildPhase section */
		AE83A17B24812830000EC633 /* Sources */ = {
			isa = PBXSourcesBuildPhase;
			buildActionMask = 2147483647;
			files = (
				AE83A18324812830000EC633 /* AppDelegate.swift in Sources */,
				AE83A1AD248151BA000EC633 /* SingleLetter.swift in Sources */,
				AE8ADFBE2486A6CE00CC4262 /* ResultViewController.swift in Sources */,
				AE8ADFBB24855EA400CC4262 /* ScrableAlgorithm.swift in Sources */,
				AE83A18524812830000EC633 /* SceneDelegate.swift in Sources */,
				AE8ADFCA2489045400CC4262 /* PointsTableViewCell.swift in Sources */,
				AE83A1AB24814ADA000EC633 /* ScrabTextField.swift in Sources */,
				AE8ADFC02487AFBC00CC4262 /* MainViewController.swift in Sources */,
				AE8ADFCF248A5B0800CC4262 /* ScrabbleLettersSandView.swift in Sources */,
				AE8ADFC72488E1C100CC4262 /* Constants.swift in Sources */,
			);
			runOnlyForDeploymentPostprocessing = 0;
		};
		AE83A19124812837000EC633 /* Sources */ = {
			isa = PBXSourcesBuildPhase;
			buildActionMask = 2147483647;
			files = (
				AE8ADFC82488E1C100CC4262 /* Constants.swift in Sources */,
				AE8ADFCC248A57AA00CC4262 /* SingleLetter.swift in Sources */,
				AE8ADFD0248A5B0800CC4262 /* ScrabbleLettersSandView.swift in Sources */,
				AE8ADFCD248A57B000CC4262 /* ResultViewController.swift in Sources */,
				AE83A19A24812837000EC633 /* ScrabWordFinderTests.swift in Sources */,
				AE8ADFBC24855EA400CC4262 /* ScrableAlgorithm.swift in Sources */,
				AE8ADFCB2489045400CC4262 /* PointsTableViewCell.swift in Sources */,
				AE8ADFC12487AFBC00CC4262 /* MainViewController.swift in Sources */,
			);
			runOnlyForDeploymentPostprocessing = 0;
		};
/* End PBXSourcesBuildPhase section */

/* Begin PBXTargetDependency section */
		AE83A19724812837000EC633 /* PBXTargetDependency */ = {
			isa = PBXTargetDependency;
			target = AE83A17E24812830000EC633 /* ScrabWordFinder */;
			targetProxy = AE83A19624812837000EC633 /* PBXContainerItemProxy */;
		};
/* End PBXTargetDependency section */

/* Begin PBXVariantGroup section */
		AE83A18D24812836000EC633 /* LaunchScreen.storyboard */ = {
			isa = PBXVariantGroup;
			children = (
				AE83A18E24812836000EC633 /* Base */,
			);
			name = LaunchScreen.storyboard;
			sourceTree = "<group>";
		};
/* End PBXVariantGroup section */

/* Begin XCBuildConfiguration section */
		AE83A19C24812837000EC633 /* Debug */ = {
			isa = XCBuildConfiguration;
			buildSettings = {
				ALWAYS_SEARCH_USER_PATHS = NO;
				CLANG_ANALYZER_NONNULL = YES;
				CLANG_ANALYZER_NUMBER_OBJECT_CONVERSION = YES_AGGRESSIVE;
				CLANG_CXX_LANGUAGE_STANDARD = "gnu++14";
				CLANG_CXX_LIBRARY = "libc++";
				CLANG_ENABLE_MODULES = YES;
				CLANG_ENABLE_OBJC_ARC = YES;
				CLANG_ENABLE_OBJC_WEAK = YES;
				CLANG_WARN_BLOCK_CAPTURE_AUTORELEASING = YES;
				CLANG_WARN_BOOL_CONVERSION = YES;
				CLANG_WARN_COMMA = YES;
				CLANG_WARN_CONSTANT_CONVERSION = YES;
				CLANG_WARN_DEPRECATED_OBJC_IMPLEMENTATIONS = YES;
				CLANG_WARN_DIRECT_OBJC_ISA_USAGE = YES_ERROR;
				CLANG_WARN_DOCUMENTATION_COMMENTS = YES;
				CLANG_WARN_EMPTY_BODY = YES;
				CLANG_WARN_ENUM_CONVERSION = YES;
				CLANG_WARN_INFINITE_RECURSION = YES;
				CLANG_WARN_INT_CONVERSION = YES;
				CLANG_WARN_NON_LITERAL_NULL_CONVERSION = YES;
				CLANG_WARN_OBJC_IMPLICIT_RETAIN_SELF = YES;
				CLANG_WARN_OBJC_LITERAL_CONVERSION = YES;
				CLANG_WARN_OBJC_ROOT_CLASS = YES_ERROR;
				CLANG_WARN_RANGE_LOOP_ANALYSIS = YES;
				CLANG_WARN_STRICT_PROTOTYPES = YES;
				CLANG_WARN_SUSPICIOUS_MOVE = YES;
				CLANG_WARN_UNGUARDED_AVAILABILITY = YES_AGGRESSIVE;
				CLANG_WARN_UNREACHABLE_CODE = YES;
				CLANG_WARN__DUPLICATE_METHOD_MATCH = YES;
				COPY_PHASE_STRIP = NO;
				DEBUG_INFORMATION_FORMAT = dwarf;
				ENABLE_STRICT_OBJC_MSGSEND = YES;
				ENABLE_TESTABILITY = YES;
				GCC_C_LANGUAGE_STANDARD = gnu11;
				GCC_DYNAMIC_NO_PIC = NO;
				GCC_NO_COMMON_BLOCKS = YES;
				GCC_OPTIMIZATION_LEVEL = 0;
				GCC_PREPROCESSOR_DEFINITIONS = (
					"DEBUG=1",
					"$(inherited)",
				);
				GCC_WARN_64_TO_32_BIT_CONVERSION = YES;
				GCC_WARN_ABOUT_RETURN_TYPE = YES_ERROR;
				GCC_WARN_UNDECLARED_SELECTOR = YES;
				GCC_WARN_UNINITIALIZED_AUTOS = YES_AGGRESSIVE;
				GCC_WARN_UNUSED_FUNCTION = YES;
				GCC_WARN_UNUSED_VARIABLE = YES;
				IPHONEOS_DEPLOYMENT_TARGET = 12.0;
				MTL_ENABLE_DEBUG_INFO = INCLUDE_SOURCE;
				MTL_FAST_MATH = YES;
				ONLY_ACTIVE_ARCH = YES;
				SDKROOT = iphoneos;
				SWIFT_ACTIVE_COMPILATION_CONDITIONS = DEBUG;
				SWIFT_OPTIMIZATION_LEVEL = "-Onone";
			};
			name = Debug;
		};
		AE83A19D24812837000EC633 /* Release */ = {
			isa = XCBuildConfiguration;
			buildSettings = {
				ALWAYS_SEARCH_USER_PATHS = NO;
				CLANG_ANALYZER_NONNULL = YES;
				CLANG_ANALYZER_NUMBER_OBJECT_CONVERSION = YES_AGGRESSIVE;
				CLANG_CXX_LANGUAGE_STANDARD = "gnu++14";
				CLANG_CXX_LIBRARY = "libc++";
				CLANG_ENABLE_MODULES = YES;
				CLANG_ENABLE_OBJC_ARC = YES;
				CLANG_ENABLE_OBJC_WEAK = YES;
				CLANG_WARN_BLOCK_CAPTURE_AUTORELEASING = YES;
				CLANG_WARN_BOOL_CONVERSION = YES;
				CLANG_WARN_COMMA = YES;
				CLANG_WARN_CONSTANT_CONVERSION = YES;
				CLANG_WARN_DEPRECATED_OBJC_IMPLEMENTATIONS = YES;
				CLANG_WARN_DIRECT_OBJC_ISA_USAGE = YES_ERROR;
				CLANG_WARN_DOCUMENTATION_COMMENTS = YES;
				CLANG_WARN_EMPTY_BODY = YES;
				CLANG_WARN_ENUM_CONVERSION = YES;
				CLANG_WARN_INFINITE_RECURSION = YES;
				CLANG_WARN_INT_CONVERSION = YES;
				CLANG_WARN_NON_LITERAL_NULL_CONVERSION = YES;
				CLANG_WARN_OBJC_IMPLICIT_RETAIN_SELF = YES;
				CLANG_WARN_OBJC_LITERAL_CONVERSION = YES;
				CLANG_WARN_OBJC_ROOT_CLASS = YES_ERROR;
				CLANG_WARN_RANGE_LOOP_ANALYSIS = YES;
				CLANG_WARN_STRICT_PROTOTYPES = YES;
				CLANG_WARN_SUSPICIOUS_MOVE = YES;
				CLANG_WARN_UNGUARDED_AVAILABILITY = YES_AGGRESSIVE;
				CLANG_WARN_UNREACHABLE_CODE = YES;
				CLANG_WARN__DUPLICATE_METHOD_MATCH = YES;
				COPY_PHASE_STRIP = NO;
				DEBUG_INFORMATION_FORMAT = "dwarf-with-dsym";
				ENABLE_NS_ASSERTIONS = NO;
				ENABLE_STRICT_OBJC_MSGSEND = YES;
				GCC_C_LANGUAGE_STANDARD = gnu11;
				GCC_NO_COMMON_BLOCKS = YES;
				GCC_WARN_64_TO_32_BIT_CONVERSION = YES;
				GCC_WARN_ABOUT_RETURN_TYPE = YES_ERROR;
				GCC_WARN_UNDECLARED_SELECTOR = YES;
				GCC_WARN_UNINITIALIZED_AUTOS = YES_AGGRESSIVE;
				GCC_WARN_UNUSED_FUNCTION = YES;
				GCC_WARN_UNUSED_VARIABLE = YES;
				IPHONEOS_DEPLOYMENT_TARGET = 12.0;
				MTL_ENABLE_DEBUG_INFO = NO;
				MTL_FAST_MATH = YES;
				SDKROOT = iphoneos;
				SWIFT_COMPILATION_MODE = wholemodule;
				SWIFT_OPTIMIZATION_LEVEL = "-O";
				VALIDATE_PRODUCT = YES;
			};
			name = Release;
		};
		AE83A19F24812837000EC633 /* Debug */ = {
			isa = XCBuildConfiguration;
			baseConfigurationReference = FB163D5F5F858BFC9C7887A7 /* Pods-ScrabWordFinder.debug.xcconfig */;
			buildSettings = {
				ASSETCATALOG_COMPILER_APPICON_NAME = AppIcon;
				CODE_SIGN_STYLE = Automatic;
				DEVELOPMENT_TEAM = UYL8Y2AQLA;
				INFOPLIST_FILE = ScrabWordFinder/Info.plist;
				IPHONEOS_DEPLOYMENT_TARGET = 12.0;
				LD_RUNPATH_SEARCH_PATHS = (
					"$(inherited)",
					"@executable_path/Frameworks",
				);
				PRODUCT_BUNDLE_IDENTIFIER = myCom.ScrabWordFinder;
				PRODUCT_NAME = "$(TARGET_NAME)";
				SWIFT_VERSION = 5.0;
				TARGETED_DEVICE_FAMILY = "1,2";
			};
			name = Debug;
		};
		AE83A1A024812837000EC633 /* Release */ = {
			isa = XCBuildConfiguration;
			baseConfigurationReference = 5E52441933FAA1A1CAB0AD5B /* Pods-ScrabWordFinder.release.xcconfig */;
			buildSettings = {
				ASSETCATALOG_COMPILER_APPICON_NAME = AppIcon;
				CODE_SIGN_STYLE = Automatic;
				DEVELOPMENT_TEAM = UYL8Y2AQLA;
				INFOPLIST_FILE = ScrabWordFinder/Info.plist;
				IPHONEOS_DEPLOYMENT_TARGET = 12.0;
				LD_RUNPATH_SEARCH_PATHS = (
					"$(inherited)",
					"@executable_path/Frameworks",
				);
				PRODUCT_BUNDLE_IDENTIFIER = myCom.ScrabWordFinder;
				PRODUCT_NAME = "$(TARGET_NAME)";
				SWIFT_VERSION = 5.0;
				TARGETED_DEVICE_FAMILY = "1,2";
			};
			name = Release;
		};
		AE83A1A224812837000EC633 /* Debug */ = {
			isa = XCBuildConfiguration;
			baseConfigurationReference = 52C79CE0AA6E267F722D6804 /* Pods-ScrabWordFinderTests.debug.xcconfig */;
			buildSettings = {
				ALWAYS_EMBED_SWIFT_STANDARD_LIBRARIES = YES;
				BUNDLE_LOADER = "$(TEST_HOST)";
				CODE_SIGN_STYLE = Automatic;
				DEVELOPMENT_TEAM = UYL8Y2AQLA;
				INFOPLIST_FILE = ScrabWordFinderTests/Info.plist;
				IPHONEOS_DEPLOYMENT_TARGET = 13.2;
				LD_RUNPATH_SEARCH_PATHS = (
					"$(inherited)",
					"@executable_path/Frameworks",
					"@loader_path/Frameworks",
				);
				PRODUCT_BUNDLE_IDENTIFIER = myCom.ScrabWordFinderTests;
				PRODUCT_NAME = "$(TARGET_NAME)";
				SWIFT_VERSION = 5.0;
				TARGETED_DEVICE_FAMILY = "1,2";
				TEST_HOST = "$(BUILT_PRODUCTS_DIR)/ScrabWordFinder.app/ScrabWordFinder";
			};
			name = Debug;
		};
		AE83A1A324812837000EC633 /* Release */ = {
			isa = XCBuildConfiguration;
			baseConfigurationReference = 6829E272BC5B853D259B334A /* Pods-ScrabWordFinderTests.release.xcconfig */;
			buildSettings = {
				ALWAYS_EMBED_SWIFT_STANDARD_LIBRARIES = YES;
				BUNDLE_LOADER = "$(TEST_HOST)";
				CODE_SIGN_STYLE = Automatic;
				DEVELOPMENT_TEAM = UYL8Y2AQLA;
				INFOPLIST_FILE = ScrabWordFinderTests/Info.plist;
				IPHONEOS_DEPLOYMENT_TARGET = 13.2;
				LD_RUNPATH_SEARCH_PATHS = (
					"$(inherited)",
					"@executable_path/Frameworks",
					"@loader_path/Frameworks",
				);
				PRODUCT_BUNDLE_IDENTIFIER = myCom.ScrabWordFinderTests;
				PRODUCT_NAME = "$(TARGET_NAME)";
				SWIFT_VERSION = 5.0;
				TARGETED_DEVICE_FAMILY = "1,2";
				TEST_HOST = "$(BUILT_PRODUCTS_DIR)/ScrabWordFinder.app/ScrabWordFinder";
			};
			name = Release;
		};
/* End XCBuildConfiguration section */

/* Begin XCConfigurationList section */
		AE83A17A24812830000EC633 /* Build configuration list for PBXProject "ScrabWordFinder" */ = {
			isa = XCConfigurationList;
			buildConfigurations = (
				AE83A19C24812837000EC633 /* Debug */,
				AE83A19D24812837000EC633 /* Release */,
			);
			defaultConfigurationIsVisible = 0;
			defaultConfigurationName = Release;
		};
		AE83A19E24812837000EC633 /* Build configuration list for PBXNativeTarget "ScrabWordFinder" */ = {
			isa = XCConfigurationList;
			buildConfigurations = (
				AE83A19F24812837000EC633 /* Debug */,
				AE83A1A024812837000EC633 /* Release */,
			);
			defaultConfigurationIsVisible = 0;
			defaultConfigurationName = Release;
		};
		AE83A1A124812837000EC633 /* Build configuration list for PBXNativeTarget "ScrabWordFinderTests" */ = {
			isa = XCConfigurationList;
			buildConfigurations = (
				AE83A1A224812837000EC633 /* Debug */,
				AE83A1A324812837000EC633 /* Release */,
			);
			defaultConfigurationIsVisible = 0;
			defaultConfigurationName = Release;
		};
/* End XCConfigurationList section */
	};
	rootObject = AE83A17724812830000EC633 /* Project object */;
}
